{
  "name": "agent-windows-path-doctor",
  "version": "0.1.0",
  "lockfileVersion": 3,
  "requires": true,
  "packages": {
    "": {
      "name": "agent-windows-path-doctor",
      "version": "0.1.0",
      "license": "MIT",
      "bin": {
        "agent-windows-path-doctor": "src/cli.js"
      }
    }
  }
}
